// !$*UTF8*$!
{
	archiveVersion = 1;
	classes = {
	};
	objectVersion = 50;
	objects = {

/* Begin PBXBuildFile section */
		8D3785F321863CF100B4B33D /* LogEntryStore.swift in Sources */ = {isa = PBXBuildFile; fileRef = 8D3785F221863CF100B4B33D /* LogEntryStore.swift */; };
		8D3785F621863E4C00B4B33D /* LogEntry.swift in Sources */ = {isa = PBXBuildFile; fileRef = 8D3785F521863E4C00B4B33D /* LogEntry.swift */; };
		8D3785F821865D9400B4B33D /* LogLevel.swift in Sources */ = {isa = PBXBuildFile; fileRef = 8D3785F721865D9400B4B33D /* LogLevel.swift */; };
		8D3785FA218693D000B4B33D /* LogEntriesManager.swift in Sources */ = {isa = PBXBuildFile; fileRef = 8D3785F9218693D000B4B33D /* LogEntriesManager.swift */; };
		8D3785FC2186967400B4B33D /* MainComponents.swift in Sources */ = {isa = PBXBuildFile; fileRef = 8D3785FB2186967400B4B33D /* MainComponents.swift */; };
		8D51D7FE2161B253000B195A /* BonjourManager.swift in Sources */ = {isa = PBXBuildFile; fileRef = 8D51D7FD2161B253000B195A /* BonjourManager.swift */; };
		8D51D8012169B90A000B195A /* Logging.swift in Sources */ = {isa = PBXBuildFile; fileRef = 8D51D8002169B90A000B195A /* Logging.swift */; };
		8D604B6F2196ADC900F969C6 /* HeaderViewController.swift in Sources */ = {isa = PBXBuildFile; fileRef = 8D604B6E2196ADC900F969C6 /* HeaderViewController.swift */; };
		8D604B712196AE0F00F969C6 /* ConsoleViewController.swift in Sources */ = {isa = PBXBuildFile; fileRef = 8D604B702196AE0F00F969C6 /* ConsoleViewController.swift */; };
		8D604B732196B35D00F969C6 /* MulticastDelegate.swift in Sources */ = {isa = PBXBuildFile; fileRef = 8D604B722196B35D00F969C6 /* MulticastDelegate.swift */; };
		8D9D3EC3213D2DB900087E46 /* AppDelegate.swift in Sources */ = {isa = PBXBuildFile; fileRef = 8D9D3EC2213D2DB900087E46 /* AppDelegate.swift */; };
		8D9D3EC7213D2DBC00087E46 /* Assets.xcassets in Resources */ = {isa = PBXBuildFile; fileRef = 8D9D3EC6213D2DBC00087E46 /* Assets.xcassets */; };
		8D9D3ECA213D2DBC00087E46 /* Main.storyboard in Resources */ = {isa = PBXBuildFile; fileRef = 8D9D3EC8213D2DBC00087E46 /* Main.storyboard */; };
		8D9D3ED6213D2DBC00087E46 /* JournalClientTests.swift in Sources */ = {isa = PBXBuildFile; fileRef = 8D9D3ED5213D2DBC00087E46 /* JournalClientTests.swift */; };
		8D9D3EE1213D2DBC00087E46 /* JournalClientUITests.swift in Sources */ = {isa = PBXBuildFile; fileRef = 8D9D3EE0213D2DBC00087E46 /* JournalClientUITests.swift */; };
		8DC7207321A656110085C815 /* LogEntryTableCellView.swift in Sources */ = {isa = PBXBuildFile; fileRef = 8DC7207221A656110085C815 /* LogEntryTableCellView.swift */; };
		8DDB144221A9217900586D37 /* LogLevelFilterViewController.swift in Sources */ = {isa = PBXBuildFile; fileRef = 8DDB144121A9217900586D37 /* LogLevelFilterViewController.swift */; };
		8DDB144421A9218200586D37 /* ClassFilterViewController.swift in Sources */ = {isa = PBXBuildFile; fileRef = 8DDB144321A9218200586D37 /* ClassFilterViewController.swift */; };
		8DDB144621A9219900586D37 /* ContextFilterViewController.swift in Sources */ = {isa = PBXBuildFile; fileRef = 8DDB144521A9219900586D37 /* ContextFilterViewController.swift */; };
		8DDB144921A92FE300586D37 /* ClassLogEntryFilter.swift in Sources */ = {isa = PBXBuildFile; fileRef = 8DDB144821A92FE300586D37 /* ClassLogEntryFilter.swift */; };
		8DDB144B21A92FF000586D37 /* ContextLogEntryFilter.swift in Sources */ = {isa = PBXBuildFile; fileRef = 8DDB144A21A92FF000586D37 /* ContextLogEntryFilter.swift */; };
		8DDB144D21A9300700586D37 /* LogLevelLogEntryFilter.swift in Sources */ = {isa = PBXBuildFile; fileRef = 8DDB144C21A9300700586D37 /* LogLevelLogEntryFilter.swift */; };
		8DDB144F21A9301900586D37 /* LogEntryFilter.swift in Sources */ = {isa = PBXBuildFile; fileRef = 8DDB144E21A9301900586D37 /* LogEntryFilter.swift */; };
		8DFCF56E216BE294004537E4 /* BonjourServer.swift in Sources */ = {isa = PBXBuildFile; fileRef = 8DFCF56D216BE294004537E4 /* BonjourServer.swift */; };
		8DFCF571216BE37B004537E4 /* Socket.swift in Sources */ = {isa = PBXBuildFile; fileRef = 8DFCF570216BE37B004537E4 /* Socket.swift */; };
/* End PBXBuildFile section */

/* Begin PBXContainerItemProxy section */
		8D9D3ED2213D2DBC00087E46 /* PBXContainerItemProxy */ = {
			isa = PBXContainerItemProxy;
			containerPortal = 8D9D3EB7213D2DB900087E46 /* Project object */;
			proxyType = 1;
			remoteGlobalIDString = 8D9D3EBE213D2DB900087E46;
			remoteInfo = Journal;
		};
		8D9D3EDD213D2DBC00087E46 /* PBXContainerItemProxy */ = {
			isa = PBXContainerItemProxy;
			containerPortal = 8D9D3EB7213D2DB900087E46 /* Project object */;
			proxyType = 1;
			remoteGlobalIDString = 8D9D3EBE213D2DB900087E46;
			remoteInfo = Journal;
		};
/* End PBXContainerItemProxy section */

/* Begin PBXFileReference section */
		8D3785F221863CF100B4B33D /* LogEntryStore.swift */ = {isa = PBXFileReference; lastKnownFileType = sourcecode.swift; path = LogEntryStore.swift; sourceTree = "<group>"; };
		8D3785F521863E4C00B4B33D /* LogEntry.swift */ = {isa = PBXFileReference; lastKnownFileType = sourcecode.swift; path = LogEntry.swift; sourceTree = "<group>"; };
		8D3785F721865D9400B4B33D /* LogLevel.swift */ = {isa = PBXFileReference; lastKnownFileType = sourcecode.swift; path = LogLevel.swift; sourceTree = "<group>"; };
		8D3785F9218693D000B4B33D /* LogEntriesManager.swift */ = {isa = PBXFileReference; lastKnownFileType = sourcecode.swift; path = LogEntriesManager.swift; sourceTree = "<group>"; };
		8D3785FB2186967400B4B33D /* MainComponents.swift */ = {isa = PBXFileReference; lastKnownFileType = sourcecode.swift; path = MainComponents.swift; sourceTree = "<group>"; };
		8D51D7FD2161B253000B195A /* BonjourManager.swift */ = {isa = PBXFileReference; lastKnownFileType = sourcecode.swift; path = BonjourManager.swift; sourceTree = "<group>"; };
		8D51D8002169B90A000B195A /* Logging.swift */ = {isa = PBXFileReference; lastKnownFileType = sourcecode.swift; path = Logging.swift; sourceTree = "<group>"; };
		8D604B6E2196ADC900F969C6 /* HeaderViewController.swift */ = {isa = PBXFileReference; lastKnownFileType = sourcecode.swift; path = HeaderViewController.swift; sourceTree = "<group>"; };
		8D604B702196AE0F00F969C6 /* ConsoleViewController.swift */ = {isa = PBXFileReference; lastKnownFileType = sourcecode.swift; path = ConsoleViewController.swift; sourceTree = "<group>"; };
		8D604B722196B35D00F969C6 /* MulticastDelegate.swift */ = {isa = PBXFileReference; lastKnownFileType = sourcecode.swift; path = MulticastDelegate.swift; sourceTree = "<group>"; };
		8D9D3EBF213D2DB900087E46 /* JournalClient.app */ = {isa = PBXFileReference; explicitFileType = wrapper.application; includeInIndex = 0; path = JournalClient.app; sourceTree = BUILT_PRODUCTS_DIR; };
		8D9D3EC2213D2DB900087E46 /* AppDelegate.swift */ = {isa = PBXFileReference; lastKnownFileType = sourcecode.swift; path = AppDelegate.swift; sourceTree = "<group>"; };
		8D9D3EC6213D2DBC00087E46 /* Assets.xcassets */ = {isa = PBXFileReference; lastKnownFileType = folder.assetcatalog; path = Assets.xcassets; sourceTree = "<group>"; };
		8D9D3EC9213D2DBC00087E46 /* Base */ = {isa = PBXFileReference; lastKnownFileType = file.storyboard; name = Base; path = Base.lproj/Main.storyboard; sourceTree = "<group>"; };
		8D9D3ECB213D2DBC00087E46 /* Info.plist */ = {isa = PBXFileReference; lastKnownFileType = text.plist.xml; path = Info.plist; sourceTree = "<group>"; };
		8D9D3ECC213D2DBC00087E46 /* JournalClient.entitlements */ = {isa = PBXFileReference; lastKnownFileType = text.plist.entitlements; path = JournalClient.entitlements; sourceTree = "<group>"; };
		8D9D3ED1213D2DBC00087E46 /* JournalClientTests.xctest */ = {isa = PBXFileReference; explicitFileType = wrapper.cfbundle; includeInIndex = 0; path = JournalClientTests.xctest; sourceTree = BUILT_PRODUCTS_DIR; };
		8D9D3ED5213D2DBC00087E46 /* JournalClientTests.swift */ = {isa = PBXFileReference; lastKnownFileType = sourcecode.swift; path = JournalClientTests.swift; sourceTree = "<group>"; };
		8D9D3ED7213D2DBC00087E46 /* Info.plist */ = {isa = PBXFileReference; lastKnownFileType = text.plist.xml; path = Info.plist; sourceTree = "<group>"; };
		8D9D3EDC213D2DBC00087E46 /* JournalClientUITests.xctest */ = {isa = PBXFileReference; explicitFileType = wrapper.cfbundle; includeInIndex = 0; path = JournalClientUITests.xctest; sourceTree = BUILT_PRODUCTS_DIR; };
		8D9D3EE0213D2DBC00087E46 /* JournalClientUITests.swift */ = {isa = PBXFileReference; lastKnownFileType = sourcecode.swift; path = JournalClientUITests.swift; sourceTree = "<group>"; };
		8D9D3EE2213D2DBC00087E46 /* Info.plist */ = {isa = PBXFileReference; lastKnownFileType = text.plist.xml; path = Info.plist; sourceTree = "<group>"; };
		8DC7207221A656110085C815 /* LogEntryTableCellView.swift */ = {isa = PBXFileReference; lastKnownFileType = sourcecode.swift; path = LogEntryTableCellView.swift; sourceTree = "<group>"; };
		8DDB144121A9217900586D37 /* LogLevelFilterViewController.swift */ = {isa = PBXFileReference; lastKnownFileType = sourcecode.swift; path = LogLevelFilterViewController.swift; sourceTree = "<group>"; };
		8DDB144321A9218200586D37 /* ClassFilterViewController.swift */ = {isa = PBXFileReference; lastKnownFileType = sourcecode.swift; path = ClassFilterViewController.swift; sourceTree = "<group>"; };
		8DDB144521A9219900586D37 /* ContextFilterViewController.swift */ = {isa = PBXFileReference; lastKnownFileType = sourcecode.swift; path = ContextFilterViewController.swift; sourceTree = "<group>"; };
		8DDB144821A92FE300586D37 /* ClassLogEntryFilter.swift */ = {isa = PBXFileReference; lastKnownFileType = sourcecode.swift; path = ClassLogEntryFilter.swift; sourceTree = "<group>"; };
		8DDB144A21A92FF000586D37 /* ContextLogEntryFilter.swift */ = {isa = PBXFileReference; lastKnownFileType = sourcecode.swift; path = ContextLogEntryFilter.swift; sourceTree = "<group>"; };
		8DDB144C21A9300700586D37 /* LogLevelLogEntryFilter.swift */ = {isa = PBXFileReference; lastKnownFileType = sourcecode.swift; path = LogLevelLogEntryFilter.swift; sourceTree = "<group>"; };
		8DDB144E21A9301900586D37 /* LogEntryFilter.swift */ = {isa = PBXFileReference; lastKnownFileType = sourcecode.swift; path = LogEntryFilter.swift; sourceTree = "<group>"; };
		8DFCF56D216BE294004537E4 /* BonjourServer.swift */ = {isa = PBXFileReference; lastKnownFileType = sourcecode.swift; path = BonjourServer.swift; sourceTree = "<group>"; };
		8DFCF570216BE37B004537E4 /* Socket.swift */ = {isa = PBXFileReference; lastKnownFileType = sourcecode.swift; path = Socket.swift; sourceTree = "<group>"; };
/* End PBXFileReference section */

/* Begin PBXFrameworksBuildPhase section */
		8D9D3EBC213D2DB900087E46 /* Frameworks */ = {
			isa = PBXFrameworksBuildPhase;
			buildActionMask = 2147483647;
			files = (
			);
			runOnlyForDeploymentPostprocessing = 0;
		};
		8D9D3ECE213D2DBC00087E46 /* Frameworks */ = {
			isa = PBXFrameworksBuildPhase;
			buildActionMask = 2147483647;
			files = (
			);
			runOnlyForDeploymentPostprocessing = 0;
		};
		8D9D3ED9213D2DBC00087E46 /* Frameworks */ = {
			isa = PBXFrameworksBuildPhase;
			buildActionMask = 2147483647;
			files = (
			);
			runOnlyForDeploymentPostprocessing = 0;
		};
/* End PBXFrameworksBuildPhase section */

/* Begin PBXGroup section */
		8D0F7EFB218411B500313605 /* Screens */ = {
			isa = PBXGroup;
			children = (
				8DC7207121A654210085C815 /* Header */,
				8DC7207021A654170085C815 /* Filtering */,
				8D0F7EFC218411C000313605 /* Console */,
			);
			path = Screens;
			sourceTree = "<group>";
		};
		8D0F7EFC218411C000313605 /* Console */ = {
			isa = PBXGroup;
			children = (
				8D604B702196AE0F00F969C6 /* ConsoleViewController.swift */,
				8DC7207221A656110085C815 /* LogEntryTableCellView.swift */,
			);
			path = Console;
			sourceTree = "<group>";
		};
		8D3785F121863C8700B4B33D /* LogEntries */ = {
			isa = PBXGroup;
			children = (
				8DDB144721A92FCB00586D37 /* Filters */,
				8D3785F221863CF100B4B33D /* LogEntryStore.swift */,
				8D3785F9218693D000B4B33D /* LogEntriesManager.swift */,
			);
			path = LogEntries;
			sourceTree = "<group>";
		};
		8D3785F421863E3B00B4B33D /* Entities */ = {
			isa = PBXGroup;
			children = (
				8D3785F521863E4C00B4B33D /* LogEntry.swift */,
				8D3785F721865D9400B4B33D /* LogLevel.swift */,
			);
			path = Entities;
			sourceTree = "<group>";
		};
		8D3785FD2186967800B4B33D /* Components */ = {
			isa = PBXGroup;
			children = (
				8D3785FB2186967400B4B33D /* MainComponents.swift */,
			);
			path = Components;
			sourceTree = "<group>";
		};
		8D51D7DF2161A7E5000B195A /* Bonjour */ = {
			isa = PBXGroup;
			children = (
				8D51D7FD2161B253000B195A /* BonjourManager.swift */,
				8DFCF56D216BE294004537E4 /* BonjourServer.swift */,
			);
			path = Bonjour;
			sourceTree = "<group>";
		};
		8D51D7FF2169B8DE000B195A /* Logging */ = {
			isa = PBXGroup;
			children = (
				8D51D8002169B90A000B195A /* Logging.swift */,
			);
			path = Logging;
			sourceTree = "<group>";
		};
		8D9D3EB6213D2DB900087E46 = {
			isa = PBXGroup;
			children = (
				8D9D3EC1213D2DB900087E46 /* JournalClient */,
				8D9D3ED4213D2DBC00087E46 /* JournalClientTests */,
				8D9D3EDF213D2DBC00087E46 /* JournalClientUITests */,
				8D9D3EC0213D2DB900087E46 /* Products */,
			);
			sourceTree = "<group>";
		};
		8D9D3EC0213D2DB900087E46 /* Products */ = {
			isa = PBXGroup;
			children = (
				8D9D3EBF213D2DB900087E46 /* JournalClient.app */,
				8D9D3ED1213D2DBC00087E46 /* JournalClientTests.xctest */,
				8D9D3EDC213D2DBC00087E46 /* JournalClientUITests.xctest */,
			);
			name = Products;
			sourceTree = "<group>";
		};
		8D9D3EC1213D2DB900087E46 /* JournalClient */ = {
			isa = PBXGroup;
			children = (
				8D3785FD2186967800B4B33D /* Components */,
				8D3785F421863E3B00B4B33D /* Entities */,
				8D3785F121863C8700B4B33D /* LogEntries */,
				8D0F7EFB218411B500313605 /* Screens */,
				8DFCF56F216BE370004537E4 /* Utilities */,
				8D51D7FF2169B8DE000B195A /* Logging */,
				8D51D7DF2161A7E5000B195A /* Bonjour */,
				8D9D3EC2213D2DB900087E46 /* AppDelegate.swift */,
				8D9D3EC6213D2DBC00087E46 /* Assets.xcassets */,
				8D9D3EC8213D2DBC00087E46 /* Main.storyboard */,
				8D9D3ECB213D2DBC00087E46 /* Info.plist */,
				8D9D3ECC213D2DBC00087E46 /* JournalClient.entitlements */,
			);
			path = JournalClient;
			sourceTree = "<group>";
		};
		8D9D3ED4213D2DBC00087E46 /* JournalClientTests */ = {
			isa = PBXGroup;
			children = (
				8D9D3ED5213D2DBC00087E46 /* JournalClientTests.swift */,
				8D9D3ED7213D2DBC00087E46 /* Info.plist */,
			);
			path = JournalClientTests;
			sourceTree = "<group>";
		};
		8D9D3EDF213D2DBC00087E46 /* JournalClientUITests */ = {
			isa = PBXGroup;
			children = (
				8D9D3EE0213D2DBC00087E46 /* JournalClientUITests.swift */,
				8D9D3EE2213D2DBC00087E46 /* Info.plist */,
			);
			path = JournalClientUITests;
			sourceTree = "<group>";
		};
		8DC7207021A654170085C815 /* Filtering */ = {
			isa = PBXGroup;
			children = (
				8DDB144121A9217900586D37 /* LogLevelFilterViewController.swift */,
				8DDB144321A9218200586D37 /* ClassFilterViewController.swift */,
				8DDB144521A9219900586D37 /* ContextFilterViewController.swift */,
			);
			path = Filtering;
			sourceTree = "<group>";
		};
		8DC7207121A654210085C815 /* Header */ = {
			isa = PBXGroup;
			children = (
				8D604B6E2196ADC900F969C6 /* HeaderViewController.swift */,
			);
			path = Header;
			sourceTree = "<group>";
		};
		8DDB144721A92FCB00586D37 /* Filters */ = {
			isa = PBXGroup;
			children = (
				8DDB144821A92FE300586D37 /* ClassLogEntryFilter.swift */,
				8DDB144A21A92FF000586D37 /* ContextLogEntryFilter.swift */,
				8DDB144C21A9300700586D37 /* LogLevelLogEntryFilter.swift */,
				8DDB144E21A9301900586D37 /* LogEntryFilter.swift */,
			);
			path = Filters;
			sourceTree = "<group>";
		};
		8DFCF56F216BE370004537E4 /* Utilities */ = {
			isa = PBXGroup;
			children = (
				8DFCF570216BE37B004537E4 /* Socket.swift */,
				8D604B722196B35D00F969C6 /* MulticastDelegate.swift */,
			);
			path = Utilities;
			sourceTree = "<group>";
		};
/* End PBXGroup section */

/* Begin PBXNativeTarget section */
		8D9D3EBE213D2DB900087E46 /* JournalClient */ = {
			isa = PBXNativeTarget;
			buildConfigurationList = 8D9D3EE5213D2DBC00087E46 /* Build configuration list for PBXNativeTarget "JournalClient" */;
			buildPhases = (
				8D9D3EBB213D2DB900087E46 /* Sources */,
				8D9D3EBC213D2DB900087E46 /* Frameworks */,
				8D9D3EBD213D2DB900087E46 /* Resources */,
			);
			buildRules = (
			);
			dependencies = (
			);
			name = JournalClient;
			productName = Journal;
			productReference = 8D9D3EBF213D2DB900087E46 /* JournalClient.app */;
			productType = "com.apple.product-type.application";
		};
		8D9D3ED0213D2DBC00087E46 /* JournalClientTests */ = {
			isa = PBXNativeTarget;
			buildConfigurationList = 8D9D3EE8213D2DBC00087E46 /* Build configuration list for PBXNativeTarget "JournalClientTests" */;
			buildPhases = (
				8D9D3ECD213D2DBC00087E46 /* Sources */,
				8D9D3ECE213D2DBC00087E46 /* Frameworks */,
				8D9D3ECF213D2DBC00087E46 /* Resources */,
			);
			buildRules = (
			);
			dependencies = (
				8D9D3ED3213D2DBC00087E46 /* PBXTargetDependency */,
			);
			name = JournalClientTests;
			productName = JournalTests;
			productReference = 8D9D3ED1213D2DBC00087E46 /* JournalClientTests.xctest */;
			productType = "com.apple.product-type.bundle.unit-test";
		};
		8D9D3EDB213D2DBC00087E46 /* JournalClientUITests */ = {
			isa = PBXNativeTarget;
			buildConfigurationList = 8D9D3EEB213D2DBC00087E46 /* Build configuration list for PBXNativeTarget "JournalClientUITests" */;
			buildPhases = (
				8D9D3ED8213D2DBC00087E46 /* Sources */,
				8D9D3ED9213D2DBC00087E46 /* Frameworks */,
				8D9D3EDA213D2DBC00087E46 /* Resources */,
			);
			buildRules = (
			);
			dependencies = (
				8D9D3EDE213D2DBC00087E46 /* PBXTargetDependency */,
			);
			name = JournalClientUITests;
			productName = JournalUITests;
			productReference = 8D9D3EDC213D2DBC00087E46 /* JournalClientUITests.xctest */;
			productType = "com.apple.product-type.bundle.ui-testing";
		};
/* End PBXNativeTarget section */

/* Begin PBXProject section */
		8D9D3EB7213D2DB900087E46 /* Project object */ = {
			isa = PBXProject;
			attributes = {
				LastSwiftUpdateCheck = 0940;
				LastUpgradeCheck = 0940;
				ORGANIZATIONNAME = "Andras Hollo";
				TargetAttributes = {
					8D9D3EBE213D2DB900087E46 = {
						CreatedOnToolsVersion = 9.4.1;
						LastSwiftMigration = 1000;
						SystemCapabilities = {
							com.apple.Sandbox = {
								enabled = 1;
							};
						};
					};
					8D9D3ED0213D2DBC00087E46 = {
						CreatedOnToolsVersion = 9.4.1;
						LastSwiftMigration = 1000;
						TestTargetID = 8D9D3EBE213D2DB900087E46;
					};
					8D9D3EDB213D2DBC00087E46 = {
						CreatedOnToolsVersion = 9.4.1;
						LastSwiftMigration = 1000;
						TestTargetID = 8D9D3EBE213D2DB900087E46;
					};
				};
			};
			buildConfigurationList = 8D9D3EBA213D2DB900087E46 /* Build configuration list for PBXProject "JournalClient" */;
			compatibilityVersion = "Xcode 9.3";
			developmentRegion = en;
			hasScannedForEncodings = 0;
			knownRegions = (
				en,
				Base,
			);
			mainGroup = 8D9D3EB6213D2DB900087E46;
			productRefGroup = 8D9D3EC0213D2DB900087E46 /* Products */;
			projectDirPath = "";
			projectRoot = "";
			targets = (
				8D9D3EBE213D2DB900087E46 /* JournalClient */,
				8D9D3ED0213D2DBC00087E46 /* JournalClientTests */,
				8D9D3EDB213D2DBC00087E46 /* JournalClientUITests */,
			);
		};
/* End PBXProject section */

/* Begin PBXResourcesBuildPhase section */
		8D9D3EBD213D2DB900087E46 /* Resources */ = {
			isa = PBXResourcesBuildPhase;
			buildActionMask = 2147483647;
			files = (
				8D9D3EC7213D2DBC00087E46 /* Assets.xcassets in Resources */,
				8D9D3ECA213D2DBC00087E46 /* Main.storyboard in Resources */,
			);
			runOnlyForDeploymentPostprocessing = 0;
		};
		8D9D3ECF213D2DBC00087E46 /* Resources */ = {
			isa = PBXResourcesBuildPhase;
			buildActionMask = 2147483647;
			files = (
			);
			runOnlyForDeploymentPostprocessing = 0;
		};
		8D9D3EDA213D2DBC00087E46 /* Resources */ = {
			isa = PBXResourcesBuildPhase;
			buildActionMask = 2147483647;
			files = (
			);
			runOnlyForDeploymentPostprocessing = 0;
		};
/* End PBXResourcesBuildPhase section */

/* Begin PBXSourcesBuildPhase section */
		8D9D3EBB213D2DB900087E46 /* Sources */ = {
			isa = PBXSourcesBuildPhase;
			buildActionMask = 2147483647;
			files = (
				8D3785FC2186967400B4B33D /* MainComponents.swift in Sources */,
				8DDB144B21A92FF000586D37 /* ContextLogEntryFilter.swift in Sources */,
				8D604B732196B35D00F969C6 /* MulticastDelegate.swift in Sources */,
				8D51D8012169B90A000B195A /* Logging.swift in Sources */,
				8DC7207321A656110085C815 /* LogEntryTableCellView.swift in Sources */,
				8DFCF571216BE37B004537E4 /* Socket.swift in Sources */,
				8DDB144421A9218200586D37 /* ClassFilterViewController.swift in Sources */,
				8DDB144621A9219900586D37 /* ContextFilterViewController.swift in Sources */,
				8D604B712196AE0F00F969C6 /* ConsoleViewController.swift in Sources */,
				8D51D7FE2161B253000B195A /* BonjourManager.swift in Sources */,
				8DFCF56E216BE294004537E4 /* BonjourServer.swift in Sources */,
				8D3785FA218693D000B4B33D /* LogEntriesManager.swift in Sources */,
				8D3785F621863E4C00B4B33D /* LogEntry.swift in Sources */,
				8D604B6F2196ADC900F969C6 /* HeaderViewController.swift in Sources */,
				8DDB144221A9217900586D37 /* LogLevelFilterViewController.swift in Sources */,
				8D3785F321863CF100B4B33D /* LogEntryStore.swift in Sources */,
				8DDB144F21A9301900586D37 /* LogEntryFilter.swift in Sources */,
				8DDB144921A92FE300586D37 /* ClassLogEntryFilter.swift in Sources */,
				8D3785F821865D9400B4B33D /* LogLevel.swift in Sources */,
				8DDB144D21A9300700586D37 /* LogLevelLogEntryFilter.swift in Sources */,
				8D9D3EC3213D2DB900087E46 /* AppDelegate.swift in Sources */,
			);
			runOnlyForDeploymentPostprocessing = 0;
		};
		8D9D3ECD213D2DBC00087E46 /* Sources */ = {
			isa = PBXSourcesBuildPhase;
			buildActionMask = 2147483647;
			files = (
				8D9D3ED6213D2DBC00087E46 /* JournalClientTests.swift in Sources */,
			);
			runOnlyForDeploymentPostprocessing = 0;
		};
		8D9D3ED8213D2DBC00087E46 /* Sources */ = {
			isa = PBXSourcesBuildPhase;
			buildActionMask = 2147483647;
			files = (
				8D9D3EE1213D2DBC00087E46 /* JournalClientUITests.swift in Sources */,
			);
			runOnlyForDeploymentPostprocessing = 0;
		};
/* End PBXSourcesBuildPhase section */

/* Begin PBXTargetDependency section */
		8D9D3ED3213D2DBC00087E46 /* PBXTargetDependency */ = {
			isa = PBXTargetDependency;
			target = 8D9D3EBE213D2DB900087E46 /* JournalClient */;
			targetProxy = 8D9D3ED2213D2DBC00087E46 /* PBXContainerItemProxy */;
		};
		8D9D3EDE213D2DBC00087E46 /* PBXTargetDependency */ = {
			isa = PBXTargetDependency;
			target = 8D9D3EBE213D2DB900087E46 /* JournalClient */;
			targetProxy = 8D9D3EDD213D2DBC00087E46 /* PBXContainerItemProxy */;
		};
/* End PBXTargetDependency section */

/* Begin PBXVariantGroup section */
		8D9D3EC8213D2DBC00087E46 /* Main.storyboard */ = {
			isa = PBXVariantGroup;
			children = (
				8D9D3EC9213D2DBC00087E46 /* Base */,
			);
			name = Main.storyboard;
			sourceTree = "<group>";
		};
/* End PBXVariantGroup section */

/* Begin XCBuildConfiguration section */
		8D9D3EE3213D2DBC00087E46 /* Debug */ = {
			isa = XCBuildConfiguration;
			buildSettings = {
				ALWAYS_SEARCH_USER_PATHS = NO;
				CLANG_ANALYZER_NONNULL = YES;
				CLANG_ANALYZER_NUMBER_OBJECT_CONVERSION = YES_AGGRESSIVE;
				CLANG_CXX_LANGUAGE_STANDARD = "gnu++14";
				CLANG_CXX_LIBRARY = "libc++";
				CLANG_ENABLE_MODULES = YES;
				CLANG_ENABLE_OBJC_ARC = YES;
				CLANG_ENABLE_OBJC_WEAK = YES;
				CLANG_WARN_BLOCK_CAPTURE_AUTORELEASING = YES;
				CLANG_WARN_BOOL_CONVERSION = YES;
				CLANG_WARN_COMMA = YES;
				CLANG_WARN_CONSTANT_CONVERSION = YES;
				CLANG_WARN_DEPRECATED_OBJC_IMPLEMENTATIONS = YES;
				CLANG_WARN_DIRECT_OBJC_ISA_USAGE = YES_ERROR;
				CLANG_WARN_DOCUMENTATION_COMMENTS = YES;
				CLANG_WARN_EMPTY_BODY = YES;
				CLANG_WARN_ENUM_CONVERSION = YES;
				CLANG_WARN_INFINITE_RECURSION = YES;
				CLANG_WARN_INT_CONVERSION = YES;
				CLANG_WARN_NON_LITERAL_NULL_CONVERSION = YES;
				CLANG_WARN_OBJC_IMPLICIT_RETAIN_SELF = YES;
				CLANG_WARN_OBJC_LITERAL_CONVERSION = YES;
				CLANG_WARN_OBJC_ROOT_CLASS = YES_ERROR;
				CLANG_WARN_RANGE_LOOP_ANALYSIS = YES;
				CLANG_WARN_STRICT_PROTOTYPES = YES;
				CLANG_WARN_SUSPICIOUS_MOVE = YES;
				CLANG_WARN_UNGUARDED_AVAILABILITY = YES_AGGRESSIVE;
				CLANG_WARN_UNREACHABLE_CODE = YES;
				CLANG_WARN__DUPLICATE_METHOD_MATCH = YES;
				CODE_SIGN_IDENTITY = "-";
				COPY_PHASE_STRIP = NO;
				DEBUG_INFORMATION_FORMAT = dwarf;
				ENABLE_STRICT_OBJC_MSGSEND = YES;
				ENABLE_TESTABILITY = YES;
				GCC_C_LANGUAGE_STANDARD = gnu11;
				GCC_DYNAMIC_NO_PIC = NO;
				GCC_NO_COMMON_BLOCKS = YES;
				GCC_OPTIMIZATION_LEVEL = 0;
				GCC_PREPROCESSOR_DEFINITIONS = (
					"DEBUG=1",
					"$(inherited)",
				);
				GCC_WARN_64_TO_32_BIT_CONVERSION = YES;
				GCC_WARN_ABOUT_RETURN_TYPE = YES_ERROR;
				GCC_WARN_UNDECLARED_SELECTOR = YES;
				GCC_WARN_UNINITIALIZED_AUTOS = YES_AGGRESSIVE;
				GCC_WARN_UNUSED_FUNCTION = YES;
				GCC_WARN_UNUSED_VARIABLE = YES;
				MACOSX_DEPLOYMENT_TARGET = 10.13;
				MTL_ENABLE_DEBUG_INFO = YES;
				ONLY_ACTIVE_ARCH = YES;
				SDKROOT = macosx;
				SWIFT_ACTIVE_COMPILATION_CONDITIONS = DEBUG;
				SWIFT_OPTIMIZATION_LEVEL = "-Onone";
			};
			name = Debug;
		};
		8D9D3EE4213D2DBC00087E46 /* Release */ = {
			isa = XCBuildConfiguration;
			buildSettings = {
				ALWAYS_SEARCH_USER_PATHS = NO;
				CLANG_ANALYZER_NONNULL = YES;
				CLANG_ANALYZER_NUMBER_OBJECT_CONVERSION = YES_AGGRESSIVE;
				CLANG_CXX_LANGUAGE_STANDARD = "gnu++14";
				CLANG_CXX_LIBRARY = "libc++";
				CLANG_ENABLE_MODULES = YES;
				CLANG_ENABLE_OBJC_ARC = YES;
				CLANG_ENABLE_OBJC_WEAK = YES;
				CLANG_WARN_BLOCK_CAPTURE_AUTORELEASING = YES;
				CLANG_WARN_BOOL_CONVERSION = YES;
				CLANG_WARN_COMMA = YES;
				CLANG_WARN_CONSTANT_CONVERSION = YES;
				CLANG_WARN_DEPRECATED_OBJC_IMPLEMENTATIONS = YES;
				CLANG_WARN_DIRECT_OBJC_ISA_USAGE = YES_ERROR;
				CLANG_WARN_DOCUMENTATION_COMMENTS = YES;
				CLANG_WARN_EMPTY_BODY = YES;
				CLANG_WARN_ENUM_CONVERSION = YES;
				CLANG_WARN_INFINITE_RECURSION = YES;
				CLANG_WARN_INT_CONVERSION = YES;
				CLANG_WARN_NON_LITERAL_NULL_CONVERSION = YES;
				CLANG_WARN_OBJC_IMPLICIT_RETAIN_SELF = YES;
				CLANG_WARN_OBJC_LITERAL_CONVERSION = YES;
				CLANG_WARN_OBJC_ROOT_CLASS = YES_ERROR;
				CLANG_WARN_RANGE_LOOP_ANALYSIS = YES;
				CLANG_WARN_STRICT_PROTOTYPES = YES;
				CLANG_WARN_SUSPICIOUS_MOVE = YES;
				CLANG_WARN_UNGUARDED_AVAILABILITY = YES_AGGRESSIVE;
				CLANG_WARN_UNREACHABLE_CODE = YES;
				CLANG_WARN__DUPLICATE_METHOD_MATCH = YES;
				CODE_SIGN_IDENTITY = "-";
				COPY_PHASE_STRIP = NO;
				DEBUG_INFORMATION_FORMAT = "dwarf-with-dsym";
				ENABLE_NS_ASSERTIONS = NO;
				ENABLE_STRICT_OBJC_MSGSEND = YES;
				GCC_C_LANGUAGE_STANDARD = gnu11;
				GCC_NO_COMMON_BLOCKS = YES;
				GCC_WARN_64_TO_32_BIT_CONVERSION = YES;
				GCC_WARN_ABOUT_RETURN_TYPE = YES_ERROR;
				GCC_WARN_UNDECLARED_SELECTOR = YES;
				GCC_WARN_UNINITIALIZED_AUTOS = YES_AGGRESSIVE;
				GCC_WARN_UNUSED_FUNCTION = YES;
				GCC_WARN_UNUSED_VARIABLE = YES;
				MACOSX_DEPLOYMENT_TARGET = 10.13;
				MTL_ENABLE_DEBUG_INFO = NO;
				SDKROOT = macosx;
				SWIFT_COMPILATION_MODE = wholemodule;
				SWIFT_OPTIMIZATION_LEVEL = "-O";
			};
			name = Release;
		};
		8D9D3EE6213D2DBC00087E46 /* Debug */ = {
			isa = XCBuildConfiguration;
			buildSettings = {
				ASSETCATALOG_COMPILER_APPICON_NAME = AppIcon;
				CODE_SIGN_ENTITLEMENTS = JournalClient/JournalClient.entitlements;
				CODE_SIGN_STYLE = Automatic;
				COMBINE_HIDPI_IMAGES = YES;
				INFOPLIST_FILE = JournalClient/Info.plist;
				LD_RUNPATH_SEARCH_PATHS = (
					"$(inherited)",
					"@executable_path/../Frameworks",
				);
				PRODUCT_BUNDLE_IDENTIFIER = com.andrashollo.JournalClient;
				PRODUCT_NAME = "$(TARGET_NAME)";
				SWIFT_VERSION = 4.2;
			};
			name = Debug;
		};
		8D9D3EE7213D2DBC00087E46 /* Release */ = {
			isa = XCBuildConfiguration;
			buildSettings = {
				ASSETCATALOG_COMPILER_APPICON_NAME = AppIcon;
				CODE_SIGN_ENTITLEMENTS = JournalClient/JournalClient.entitlements;
				CODE_SIGN_STYLE = Automatic;
				COMBINE_HIDPI_IMAGES = YES;
				INFOPLIST_FILE = JournalClient/Info.plist;
				LD_RUNPATH_SEARCH_PATHS = (
					"$(inherited)",
					"@executable_path/../Frameworks",
				);
				PRODUCT_BUNDLE_IDENTIFIER = com.andrashollo.JournalClient;
				PRODUCT_NAME = "$(TARGET_NAME)";
				SWIFT_VERSION = 4.2;
			};
			name = Release;
		};
		8D9D3EE9213D2DBC00087E46 /* Debug */ = {
			isa = XCBuildConfiguration;
			buildSettings = {
				ALWAYS_EMBED_SWIFT_STANDARD_LIBRARIES = YES;
				BUNDLE_LOADER = "$(TEST_HOST)";
				CODE_SIGN_STYLE = Automatic;
				COMBINE_HIDPI_IMAGES = YES;
				INFOPLIST_FILE = JournalClientTests/Info.plist;
				LD_RUNPATH_SEARCH_PATHS = (
					"$(inherited)",
					"@executable_path/../Frameworks",
					"@loader_path/../Frameworks",
				);
				PRODUCT_BUNDLE_IDENTIFIER = com.andrashollo.JournalTests;
				PRODUCT_NAME = "$(TARGET_NAME)";
				SWIFT_VERSION = 4.2;
				TEST_HOST = "$(BUILT_PRODUCTS_DIR)/JournalClient.app/Contents/MacOS/JournalClient";
			};
			name = Debug;
		};
		8D9D3EEA213D2DBC00087E46 /* Release */ = {
			isa = XCBuildConfiguration;
			buildSettings = {
				ALWAYS_EMBED_SWIFT_STANDARD_LIBRARIES = YES;
				BUNDLE_LOADER = "$(TEST_HOST)";
				CODE_SIGN_STYLE = Automatic;
				COMBINE_HIDPI_IMAGES = YES;
				INFOPLIST_FILE = JournalClientTests/Info.plist;
				LD_RUNPATH_SEARCH_PATHS = (
					"$(inherited)",
					"@executable_path/../Frameworks",
					"@loader_path/../Frameworks",
				);
				PRODUCT_BUNDLE_IDENTIFIER = com.andrashollo.JournalTests;
				PRODUCT_NAME = "$(TARGET_NAME)";
				SWIFT_VERSION = 4.2;
				TEST_HOST = "$(BUILT_PRODUCTS_DIR)/JournalClient.app/Contents/MacOS/JournalClient";
			};
			name = Release;
		};
		8D9D3EEC213D2DBC00087E46 /* Debug */ = {
			isa = XCBuildConfiguration;
			buildSettings = {
				ALWAYS_EMBED_SWIFT_STANDARD_LIBRARIES = YES;
				CODE_SIGN_STYLE = Automatic;
				COMBINE_HIDPI_IMAGES = YES;
				INFOPLIST_FILE = JournalClientUITests/Info.plist;
				LD_RUNPATH_SEARCH_PATHS = (
					"$(inherited)",
					"@executable_path/../Frameworks",
					"@loader_path/../Frameworks",
				);
				PRODUCT_BUNDLE_IDENTIFIER = com.andrashollo.JournalUITests;
				PRODUCT_NAME = "$(TARGET_NAME)";
				SWIFT_VERSION = 4.2;
				TEST_TARGET_NAME = Journal;
			};
			name = Debug;
		};
		8D9D3EED213D2DBC00087E46 /* Release */ = {
			isa = XCBuildConfiguration;
			buildSettings = {
				ALWAYS_EMBED_SWIFT_STANDARD_LIBRARIES = YES;
				CODE_SIGN_STYLE = Automatic;
				COMBINE_HIDPI_IMAGES = YES;
				INFOPLIST_FILE = JournalClientUITests/Info.plist;
				LD_RUNPATH_SEARCH_PATHS = (
					"$(inherited)",
					"@executable_path/../Frameworks",
					"@loader_path/../Frameworks",
				);
				PRODUCT_BUNDLE_IDENTIFIER = com.andrashollo.JournalUITests;
				PRODUCT_NAME = "$(TARGET_NAME)";
				SWIFT_VERSION = 4.2;
				TEST_TARGET_NAME = Journal;
			};
			name = Release;
		};
/* End XCBuildConfiguration section */

/* Begin XCConfigurationList section */
		8D9D3EBA213D2DB900087E46 /* Build configuration list for PBXProject "JournalClient" */ = {
			isa = XCConfigurationList;
			buildConfigurations = (
				8D9D3EE3213D2DBC00087E46 /* Debug */,
				8D9D3EE4213D2DBC00087E46 /* Release */,
			);
			defaultConfigurationIsVisible = 0;
			defaultConfigurationName = Release;
		};
		8D9D3EE5213D2DBC00087E46 /* Build configuration list for PBXNativeTarget "JournalClient" */ = {
			isa = XCConfigurationList;
			buildConfigurations = (
				8D9D3EE6213D2DBC00087E46 /* Debug */,
				8D9D3EE7213D2DBC00087E46 /* Release */,
			);
			defaultConfigurationIsVisible = 0;
			defaultConfigurationName = Release;
		};
		8D9D3EE8213D2DBC00087E46 /* Build configuration list for PBXNativeTarget "JournalClientTests" */ = {
			isa = XCConfigurationList;
			buildConfigurations = (
				8D9D3EE9213D2DBC00087E46 /* Debug */,
				8D9D3EEA213D2DBC00087E46 /* Release */,
			);
			defaultConfigurationIsVisible = 0;
			defaultConfigurationName = Release;
		};
		8D9D3EEB213D2DBC00087E46 /* Build configuration list for PBXNativeTarget "JournalClientUITests" */ = {
			isa = XCConfigurationList;
			buildConfigurations = (
				8D9D3EEC213D2DBC00087E46 /* Debug */,
				8D9D3EED213D2DBC00087E46 /* Release */,
			);
			defaultConfigurationIsVisible = 0;
			defaultConfigurationName = Release;
		};
/* End XCConfigurationList section */
	};
	rootObject = 8D9D3EB7213D2DB900087E46 /* Project object */;
}
