// !$*UTF8*$!
{
	archiveVersion = 1;
	classes = {
	};
	objectVersion = 50;
	objects = {

/* Begin PBXBuildFile section */
		8D51D7FE2161B253000B195A /* BonjourManager.swift in Sources */ = {isa = PBXBuildFile; fileRef = 8D51D7FD2161B253000B195A /* BonjourManager.swift */; };
		8D51D8012169B90A000B195A /* Logging.swift in Sources */ = {isa = PBXBuildFile; fileRef = 8D51D8002169B90A000B195A /* Logging.swift */; };
		8D9D3EC3213D2DB900087E46 /* AppDelegate.swift in Sources */ = {isa = PBXBuildFile; fileRef = 8D9D3EC2213D2DB900087E46 /* AppDelegate.swift */; };
		8D9D3EC5213D2DB900087E46 /* ViewController.swift in Sources */ = {isa = PBXBuildFile; fileRef = 8D9D3EC4213D2DB900087E46 /* ViewController.swift */; };
		8D9D3EC7213D2DBC00087E46 /* Assets.xcassets in Resources */ = {isa = PBXBuildFile; fileRef = 8D9D3EC6213D2DBC00087E46 /* Assets.xcassets */; };
		8D9D3ECA213D2DBC00087E46 /* Main.storyboard in Resources */ = {isa = PBXBuildFile; fileRef = 8D9D3EC8213D2DBC00087E46 /* Main.storyboard */; };
		8D9D3ED6213D2DBC00087E46 /* JournalTests.swift in Sources */ = {isa = PBXBuildFile; fileRef = 8D9D3ED5213D2DBC00087E46 /* JournalTests.swift */; };
		8D9D3EE1213D2DBC00087E46 /* JournalUITests.swift in Sources */ = {isa = PBXBuildFile; fileRef = 8D9D3EE0213D2DBC00087E46 /* JournalUITests.swift */; };
		8DFCF56E216BE294004537E4 /* BonjourServer.swift in Sources */ = {isa = PBXBuildFile; fileRef = 8DFCF56D216BE294004537E4 /* BonjourServer.swift */; };
		8DFCF571216BE37B004537E4 /* Socket.swift in Sources */ = {isa = PBXBuildFile; fileRef = 8DFCF570216BE37B004537E4 /* Socket.swift */; };
/* End PBXBuildFile section */

/* Begin PBXContainerItemProxy section */
		8D9D3ED2213D2DBC00087E46 /* PBXContainerItemProxy */ = {
			isa = PBXContainerItemProxy;
			containerPortal = 8D9D3EB7213D2DB900087E46 /* Project object */;
			proxyType = 1;
			remoteGlobalIDString = 8D9D3EBE213D2DB900087E46;
			remoteInfo = Journal;
		};
		8D9D3EDD213D2DBC00087E46 /* PBXContainerItemProxy */ = {
			isa = PBXContainerItemProxy;
			containerPortal = 8D9D3EB7213D2DB900087E46 /* Project object */;
			proxyType = 1;
			remoteGlobalIDString = 8D9D3EBE213D2DB900087E46;
			remoteInfo = Journal;
		};
/* End PBXContainerItemProxy section */

/* Begin PBXFileReference section */
		8D51D7FD2161B253000B195A /* BonjourManager.swift */ = {isa = PBXFileReference; lastKnownFileType = sourcecode.swift; path = BonjourManager.swift; sourceTree = "<group>"; };
		8D51D8002169B90A000B195A /* Logging.swift */ = {isa = PBXFileReference; lastKnownFileType = sourcecode.swift; path = Logging.swift; sourceTree = "<group>"; };
		8D9D3EBF213D2DB900087E46 /* JournalClient.app */ = {isa = PBXFileReference; explicitFileType = wrapper.application; includeInIndex = 0; path = JournalClient.app; sourceTree = BUILT_PRODUCTS_DIR; };
		8D9D3EC2213D2DB900087E46 /* AppDelegate.swift */ = {isa = PBXFileReference; lastKnownFileType = sourcecode.swift; path = AppDelegate.swift; sourceTree = "<group>"; };
		8D9D3EC4213D2DB900087E46 /* ViewController.swift */ = {isa = PBXFileReference; lastKnownFileType = sourcecode.swift; path = ViewController.swift; sourceTree = "<group>"; };
		8D9D3EC6213D2DBC00087E46 /* Assets.xcassets */ = {isa = PBXFileReference; lastKnownFileType = folder.assetcatalog; path = Assets.xcassets; sourceTree = "<group>"; };
		8D9D3EC9213D2DBC00087E46 /* Base */ = {isa = PBXFileReference; lastKnownFileType = file.storyboard; name = Base; path = Base.lproj/Main.storyboard; sourceTree = "<group>"; };
		8D9D3ECB213D2DBC00087E46 /* Info.plist */ = {isa = PBXFileReference; lastKnownFileType = text.plist.xml; path = Info.plist; sourceTree = "<group>"; };
		8D9D3ECC213D2DBC00087E46 /* Journal.entitlements */ = {isa = PBXFileReference; lastKnownFileType = text.plist.entitlements; path = Journal.entitlements; sourceTree = "<group>"; };
		8D9D3ED1213D2DBC00087E46 /* JournalClientTests.xctest */ = {isa = PBXFileReference; explicitFileType = wrapper.cfbundle; includeInIndex = 0; path = JournalClientTests.xctest; sourceTree = BUILT_PRODUCTS_DIR; };
		8D9D3ED5213D2DBC00087E46 /* JournalTests.swift */ = {isa = PBXFileReference; lastKnownFileType = sourcecode.swift; path = JournalTests.swift; sourceTree = "<group>"; };
		8D9D3ED7213D2DBC00087E46 /* Info.plist */ = {isa = PBXFileReference; lastKnownFileType = text.plist.xml; path = Info.plist; sourceTree = "<group>"; };
		8D9D3EDC213D2DBC00087E46 /* JournalClientUITests.xctest */ = {isa = PBXFileReference; explicitFileType = wrapper.cfbundle; includeInIndex = 0; path = JournalClientUITests.xctest; sourceTree = BUILT_PRODUCTS_DIR; };
		8D9D3EE0213D2DBC00087E46 /* JournalUITests.swift */ = {isa = PBXFileReference; lastKnownFileType = sourcecode.swift; path = JournalUITests.swift; sourceTree = "<group>"; };
		8D9D3EE2213D2DBC00087E46 /* Info.plist */ = {isa = PBXFileReference; lastKnownFileType = text.plist.xml; path = Info.plist; sourceTree = "<group>"; };
		8DFCF56D216BE294004537E4 /* BonjourServer.swift */ = {isa = PBXFileReference; lastKnownFileType = sourcecode.swift; path = BonjourServer.swift; sourceTree = "<group>"; };
		8DFCF570216BE37B004537E4 /* Socket.swift */ = {isa = PBXFileReference; lastKnownFileType = sourcecode.swift; path = Socket.swift; sourceTree = "<group>"; };
/* End PBXFileReference section */

/* Begin PBXFrameworksBuildPhase section */
		8D9D3EBC213D2DB900087E46 /* Frameworks */ = {
			isa = PBXFrameworksBuildPhase;
			buildActionMask = 2147483647;
			files = (
			);
			runOnlyForDeploymentPostprocessing = 0;
		};
		8D9D3ECE213D2DBC00087E46 /* Frameworks */ = {
			isa = PBXFrameworksBuildPhase;
			buildActionMask = 2147483647;
			files = (
			);
			runOnlyForDeploymentPostprocessing = 0;
		};
		8D9D3ED9213D2DBC00087E46 /* Frameworks */ = {
			isa = PBXFrameworksBuildPhase;
			buildActionMask = 2147483647;
			files = (
			);
			runOnlyForDeploymentPostprocessing = 0;
		};
/* End PBXFrameworksBuildPhase section */

/* Begin PBXGroup section */
		8D51D7DF2161A7E5000B195A /* Bonjour */ = {
			isa = PBXGroup;
			children = (
				8D51D7FD2161B253000B195A /* BonjourManager.swift */,
				8DFCF56D216BE294004537E4 /* BonjourServer.swift */,
			);
			path = Bonjour;
			sourceTree = "<group>";
		};
		8D51D7FF2169B8DE000B195A /* Logging */ = {
			isa = PBXGroup;
			children = (
				8D51D8002169B90A000B195A /* Logging.swift */,
			);
			path = Logging;
			sourceTree = "<group>";
		};
		8D9D3EB6213D2DB900087E46 = {
			isa = PBXGroup;
			children = (
				8D9D3EC1213D2DB900087E46 /* JournalClient */,
				8D9D3ED4213D2DBC00087E46 /* JournalClientTests */,
				8D9D3EDF213D2DBC00087E46 /* JournalClientUITests */,
				8D9D3EC0213D2DB900087E46 /* Products */,
			);
			sourceTree = "<group>";
		};
		8D9D3EC0213D2DB900087E46 /* Products */ = {
			isa = PBXGroup;
			children = (
				8D9D3EBF213D2DB900087E46 /* JournalClient.app */,
				8D9D3ED1213D2DBC00087E46 /* JournalClientTests.xctest */,
				8D9D3EDC213D2DBC00087E46 /* JournalClientUITests.xctest */,
			);
			name = Products;
			sourceTree = "<group>";
		};
		8D9D3EC1213D2DB900087E46 /* JournalClient */ = {
			isa = PBXGroup;
			children = (
				8DFCF56F216BE370004537E4 /* Utilities */,
				8D51D7FF2169B8DE000B195A /* Logging */,
				8D51D7DF2161A7E5000B195A /* Bonjour */,
				8D9D3EC2213D2DB900087E46 /* AppDelegate.swift */,
				8D9D3EC4213D2DB900087E46 /* ViewController.swift */,
				8D9D3EC6213D2DBC00087E46 /* Assets.xcassets */,
				8D9D3EC8213D2DBC00087E46 /* Main.storyboard */,
				8D9D3ECB213D2DBC00087E46 /* Info.plist */,
				8D9D3ECC213D2DBC00087E46 /* Journal.entitlements */,
			);
			path = JournalClient;
			sourceTree = "<group>";
		};
		8D9D3ED4213D2DBC00087E46 /* JournalClientTests */ = {
			isa = PBXGroup;
			children = (
				8D9D3ED5213D2DBC00087E46 /* JournalTests.swift */,
				8D9D3ED7213D2DBC00087E46 /* Info.plist */,
			);
			path = JournalClientTests;
			sourceTree = "<group>";
		};
		8D9D3EDF213D2DBC00087E46 /* JournalClientUITests */ = {
			isa = PBXGroup;
			children = (
				8D9D3EE0213D2DBC00087E46 /* JournalUITests.swift */,
				8D9D3EE2213D2DBC00087E46 /* Info.plist */,
			);
			path = JournalClientUITests;
			sourceTree = "<group>";
		};
		8DFCF56F216BE370004537E4 /* Utilities */ = {
			isa = PBXGroup;
			children = (
				8DFCF570216BE37B004537E4 /* Socket.swift */,
			);
			path = Utilities;
			sourceTree = "<group>";
		};
/* End PBXGroup section */

/* Begin PBXNativeTarget section */
		8D9D3EBE213D2DB900087E46 /* JournalClient */ = {
			isa = PBXNativeTarget;
			buildConfigurationList = 8D9D3EE5213D2DBC00087E46 /* Build configuration list for PBXNativeTarget "JournalClient" */;
			buildPhases = (
				8D9D3EBB213D2DB900087E46 /* Sources */,
				8D9D3EBC213D2DB900087E46 /* Frameworks */,
				8D9D3EBD213D2DB900087E46 /* Resources */,
			);
			buildRules = (
			);
			dependencies = (
			);
			name = JournalClient;
			productName = Journal;
			productReference = 8D9D3EBF213D2DB900087E46 /* JournalClient.app */;
			productType = "com.apple.product-type.application";
		};
		8D9D3ED0213D2DBC00087E46 /* JournalClientTests */ = {
			isa = PBXNativeTarget;
			buildConfigurationList = 8D9D3EE8213D2DBC00087E46 /* Build configuration list for PBXNativeTarget "JournalClientTests" */;
			buildPhases = (
				8D9D3ECD213D2DBC00087E46 /* Sources */,
				8D9D3ECE213D2DBC00087E46 /* Frameworks */,
				8D9D3ECF213D2DBC00087E46 /* Resources */,
			);
			buildRules = (
			);
			dependencies = (
				8D9D3ED3213D2DBC00087E46 /* PBXTargetDependency */,
			);
			name = JournalClientTests;
			productName = JournalTests;
			productReference = 8D9D3ED1213D2DBC00087E46 /* JournalClientTests.xctest */;
			productType = "com.apple.product-type.bundle.unit-test";
		};
		8D9D3EDB213D2DBC00087E46 /* JournalClientUITests */ = {
			isa = PBXNativeTarget;
			buildConfigurationList = 8D9D3EEB213D2DBC00087E46 /* Build configuration list for PBXNativeTarget "JournalClientUITests" */;
			buildPhases = (
				8D9D3ED8213D2DBC00087E46 /* Sources */,
				8D9D3ED9213D2DBC00087E46 /* Frameworks */,
				8D9D3EDA213D2DBC00087E46 /* Resources */,
			);
			buildRules = (
			);
			dependencies = (
				8D9D3EDE213D2DBC00087E46 /* PBXTargetDependency */,
			);
			name = JournalClientUITests;
			productName = JournalUITests;
			productReference = 8D9D3EDC213D2DBC00087E46 /* JournalClientUITests.xctest */;
			productType = "com.apple.product-type.bundle.ui-testing";
		};
/* End PBXNativeTarget section */

/* Begin PBXProject section */
		8D9D3EB7213D2DB900087E46 /* Project object */ = {
			isa = PBXProject;
			attributes = {
				LastSwiftUpdateCheck = 0940;
				LastUpgradeCheck = 0940;
				ORGANIZATIONNAME = "Andras Hollo";
				TargetAttributes = {
					8D9D3EBE213D2DB900087E46 = {
						CreatedOnToolsVersion = 9.4.1;
					};
					8D9D3ED0213D2DBC00087E46 = {
						CreatedOnToolsVersion = 9.4.1;
						TestTargetID = 8D9D3EBE213D2DB900087E46;
					};
					8D9D3EDB213D2DBC00087E46 = {
						CreatedOnToolsVersion = 9.4.1;
						TestTargetID = 8D9D3EBE213D2DB900087E46;
					};
				};
			};
			buildConfigurationList = 8D9D3EBA213D2DB900087E46 /* Build configuration list for PBXProject "JournalClient" */;
			compatibilityVersion = "Xcode 9.3";
			developmentRegion = en;
			hasScannedForEncodings = 0;
			knownRegions = (
				en,
				Base,
			);
			mainGroup = 8D9D3EB6213D2DB900087E46;
			productRefGroup = 8D9D3EC0213D2DB900087E46 /* Products */;
			projectDirPath = "";
			projectRoot = "";
			targets = (
				8D9D3EBE213D2DB900087E46 /* JournalClient */,
				8D9D3ED0213D2DBC00087E46 /* JournalClientTests */,
				8D9D3EDB213D2DBC00087E46 /* JournalClientUITests */,
			);
		};
/* End PBXProject section */

/* Begin PBXResourcesBuildPhase section */
		8D9D3EBD213D2DB900087E46 /* Resources */ = {
			isa = PBXResourcesBuildPhase;
			buildActionMask = 2147483647;
			files = (
				8D9D3EC7213D2DBC00087E46 /* Assets.xcassets in Resources */,
				8D9D3ECA213D2DBC00087E46 /* Main.storyboard in Resources */,
			);
			runOnlyForDeploymentPostprocessing = 0;
		};
		8D9D3ECF213D2DBC00087E46 /* Resources */ = {
			isa = PBXResourcesBuildPhase;
			buildActionMask = 2147483647;
			files = (
			);
			runOnlyForDeploymentPostprocessing = 0;
		};
		8D9D3EDA213D2DBC00087E46 /* Resources */ = {
			isa = PBXResourcesBuildPhase;
			buildActionMask = 2147483647;
			files = (
			);
			runOnlyForDeploymentPostprocessing = 0;
		};
/* End PBXResourcesBuildPhase section */

/* Begin PBXSourcesBuildPhase section */
		8D9D3EBB213D2DB900087E46 /* Sources */ = {
			isa = PBXSourcesBuildPhase;
			buildActionMask = 2147483647;
			files = (
				8D9D3EC5213D2DB900087E46 /* ViewController.swift in Sources */,
				8D51D8012169B90A000B195A /* Logging.swift in Sources */,
				8DFCF571216BE37B004537E4 /* Socket.swift in Sources */,
				8D51D7FE2161B253000B195A /* BonjourManager.swift in Sources */,
				8DFCF56E216BE294004537E4 /* BonjourServer.swift in Sources */,
				8D9D3EC3213D2DB900087E46 /* AppDelegate.swift in Sources */,
			);
			runOnlyForDeploymentPostprocessing = 0;
		};
		8D9D3ECD213D2DBC00087E46 /* Sources */ = {
			isa = PBXSourcesBuildPhase;
			buildActionMask = 2147483647;
			files = (
				8D9D3ED6213D2DBC00087E46 /* JournalTests.swift in Sources */,
			);
			runOnlyForDeploymentPostprocessing = 0;
		};
		8D9D3ED8213D2DBC00087E46 /* Sources */ = {
			isa = PBXSourcesBuildPhase;
			buildActionMask = 2147483647;
			files = (
				8D9D3EE1213D2DBC00087E46 /* JournalUITests.swift in Sources */,
			);
			runOnlyForDeploymentPostprocessing = 0;
		};
/* End PBXSourcesBuildPhase section */

/* Begin PBXTargetDependency section */
		8D9D3ED3213D2DBC00087E46 /* PBXTargetDependency */ = {
			isa = PBXTargetDependency;
			target = 8D9D3EBE213D2DB900087E46 /* JournalClient */;
			targetProxy = 8D9D3ED2213D2DBC00087E46 /* PBXContainerItemProxy */;
		};
		8D9D3EDE213D2DBC00087E46 /* PBXTargetDependency */ = {
			isa = PBXTargetDependency;
			target = 8D9D3EBE213D2DB900087E46 /* JournalClient */;
			targetProxy = 8D9D3EDD213D2DBC00087E46 /* PBXContainerItemProxy */;
		};
/* End PBXTargetDependency section */

/* Begin PBXVariantGroup section */
		8D9D3EC8213D2DBC00087E46 /* Main.storyboard */ = {
			isa = PBXVariantGroup;
			children = (
				8D9D3EC9213D2DBC00087E46 /* Base */,
			);
			name = Main.storyboard;
			sourceTree = "<group>";
		};
/* End PBXVariantGroup section */

/* Begin XCBuildConfiguration section */
		8D9D3EE3213D2DBC00087E46 /* Debug */ = {
			isa = XCBuildConfiguration;
			buildSettings = {
				ALWAYS_SEARCH_USER_PATHS = NO;
				CLANG_ANALYZER_NONNULL = YES;
				CLANG_ANALYZER_NUMBER_OBJECT_CONVERSION = YES_AGGRESSIVE;
				CLANG_CXX_LANGUAGE_STANDARD = "gnu++14";
				CLANG_CXX_LIBRARY = "libc++";
				CLANG_ENABLE_MODULES = YES;
				CLANG_ENABLE_OBJC_ARC = YES;
				CLANG_ENABLE_OBJC_WEAK = YES;
				CLANG_WARN_BLOCK_CAPTURE_AUTORELEASING = YES;
				CLANG_WARN_BOOL_CONVERSION = YES;
				CLANG_WARN_COMMA = YES;
				CLANG_WARN_CONSTANT_CONVERSION = YES;
				CLANG_WARN_DEPRECATED_OBJC_IMPLEMENTATIONS = YES;
				CLANG_WARN_DIRECT_OBJC_ISA_USAGE = YES_ERROR;
				CLANG_WARN_DOCUMENTATION_COMMENTS = YES;
				CLANG_WARN_EMPTY_BODY = YES;
				CLANG_WARN_ENUM_CONVERSION = YES;
				CLANG_WARN_INFINITE_RECURSION = YES;
				CLANG_WARN_INT_CONVERSION = YES;
				CLANG_WARN_NON_LITERAL_NULL_CONVERSION = YES;
				CLANG_WARN_OBJC_IMPLICIT_RETAIN_SELF = YES;
				CLANG_WARN_OBJC_LITERAL_CONVERSION = YES;
				CLANG_WARN_OBJC_ROOT_CLASS = YES_ERROR;
				CLANG_WARN_RANGE_LOOP_ANALYSIS = YES;
				CLANG_WARN_STRICT_PROTOTYPES = YES;
				CLANG_WARN_SUSPICIOUS_MOVE = YES;
				CLANG_WARN_UNGUARDED_AVAILABILITY = YES_AGGRESSIVE;
				CLANG_WARN_UNREACHABLE_CODE = YES;
				CLANG_WARN__DUPLICATE_METHOD_MATCH = YES;
				CODE_SIGN_IDENTITY = "-";
				COPY_PHASE_STRIP = NO;
				DEBUG_INFORMATION_FORMAT = dwarf;
				ENABLE_STRICT_OBJC_MSGSEND = YES;
				ENABLE_TESTABILITY = YES;
				GCC_C_LANGUAGE_STANDARD = gnu11;
				GCC_DYNAMIC_NO_PIC = NO;
				GCC_NO_COMMON_BLOCKS = YES;
				GCC_OPTIMIZATION_LEVEL = 0;
				GCC_PREPROCESSOR_DEFINITIONS = (
					"DEBUG=1",
					"$(inherited)",
				);
				GCC_WARN_64_TO_32_BIT_CONVERSION = YES;
				GCC_WARN_ABOUT_RETURN_TYPE = YES_ERROR;
				GCC_WARN_UNDECLARED_SELECTOR = YES;
				GCC_WARN_UNINITIALIZED_AUTOS = YES_AGGRESSIVE;
				GCC_WARN_UNUSED_FUNCTION = YES;
				GCC_WARN_UNUSED_VARIABLE = YES;
				MACOSX_DEPLOYMENT_TARGET = 10.13;
				MTL_ENABLE_DEBUG_INFO = YES;
				ONLY_ACTIVE_ARCH = YES;
				SDKROOT = macosx;
				SWIFT_ACTIVE_COMPILATION_CONDITIONS = DEBUG;
				SWIFT_OPTIMIZATION_LEVEL = "-Onone";
			};
			name = Debug;
		};
		8D9D3EE4213D2DBC00087E46 /* Release */ = {
			isa = XCBuildConfiguration;
			buildSettings = {
				ALWAYS_SEARCH_USER_PATHS = NO;
				CLANG_ANALYZER_NONNULL = YES;
				CLANG_ANALYZER_NUMBER_OBJECT_CONVERSION = YES_AGGRESSIVE;
				CLANG_CXX_LANGUAGE_STANDARD = "gnu++14";
				CLANG_CXX_LIBRARY = "libc++";
				CLANG_ENABLE_MODULES = YES;
				CLANG_ENABLE_OBJC_ARC = YES;
				CLANG_ENABLE_OBJC_WEAK = YES;
				CLANG_WARN_BLOCK_CAPTURE_AUTORELEASING = YES;
				CLANG_WARN_BOOL_CONVERSION = YES;
				CLANG_WARN_COMMA = YES;
				CLANG_WARN_CONSTANT_CONVERSION = YES;
				CLANG_WARN_DEPRECATED_OBJC_IMPLEMENTATIONS = YES;
				CLANG_WARN_DIRECT_OBJC_ISA_USAGE = YES_ERROR;
				CLANG_WARN_DOCUMENTATION_COMMENTS = YES;
				CLANG_WARN_EMPTY_BODY = YES;
				CLANG_WARN_ENUM_CONVERSION = YES;
				CLANG_WARN_INFINITE_RECURSION = YES;
				CLANG_WARN_INT_CONVERSION = YES;
				CLANG_WARN_NON_LITERAL_NULL_CONVERSION = YES;
				CLANG_WARN_OBJC_IMPLICIT_RETAIN_SELF = YES;
				CLANG_WARN_OBJC_LITERAL_CONVERSION = YES;
				CLANG_WARN_OBJC_ROOT_CLASS = YES_ERROR;
				CLANG_WARN_RANGE_LOOP_ANALYSIS = YES;
				CLANG_WARN_STRICT_PROTOTYPES = YES;
				CLANG_WARN_SUSPICIOUS_MOVE = YES;
				CLANG_WARN_UNGUARDED_AVAILABILITY = YES_AGGRESSIVE;
				CLANG_WARN_UNREACHABLE_CODE = YES;
				CLANG_WARN__DUPLICATE_METHOD_MATCH = YES;
				CODE_SIGN_IDENTITY = "-";
				COPY_PHASE_STRIP = NO;
				DEBUG_INFORMATION_FORMAT = "dwarf-with-dsym";
				ENABLE_NS_ASSERTIONS = NO;
				ENABLE_STRICT_OBJC_MSGSEND = YES;
				GCC_C_LANGUAGE_STANDARD = gnu11;
				GCC_NO_COMMON_BLOCKS = YES;
				GCC_WARN_64_TO_32_BIT_CONVERSION = YES;
				GCC_WARN_ABOUT_RETURN_TYPE = YES_ERROR;
				GCC_WARN_UNDECLARED_SELECTOR = YES;
				GCC_WARN_UNINITIALIZED_AUTOS = YES_AGGRESSIVE;
				GCC_WARN_UNUSED_FUNCTION = YES;
				GCC_WARN_UNUSED_VARIABLE = YES;
				MACOSX_DEPLOYMENT_TARGET = 10.13;
				MTL_ENABLE_DEBUG_INFO = NO;
				SDKROOT = macosx;
				SWIFT_COMPILATION_MODE = wholemodule;
				SWIFT_OPTIMIZATION_LEVEL = "-O";
			};
			name = Release;
		};
		8D9D3EE6213D2DBC00087E46 /* Debug */ = {
			isa = XCBuildConfiguration;
			buildSettings = {
				ASSETCATALOG_COMPILER_APPICON_NAME = AppIcon;
				CODE_SIGN_ENTITLEMENTS = JournalClient/JournalClient.entitlements;
				CODE_SIGN_STYLE = Automatic;
				COMBINE_HIDPI_IMAGES = YES;
				INFOPLIST_FILE = JournalClient/Info.plist;
				LD_RUNPATH_SEARCH_PATHS = (
					"$(inherited)",
					"@executable_path/../Frameworks",
				);
				PRODUCT_BUNDLE_IDENTIFIER = com.andrashollo.JournalClient;
				PRODUCT_NAME = "$(TARGET_NAME)";
				SWIFT_VERSION = 4.0;
			};
			name = Debug;
		};
		8D9D3EE7213D2DBC00087E46 /* Release */ = {
			isa = XCBuildConfiguration;
			buildSettings = {
				ASSETCATALOG_COMPILER_APPICON_NAME = AppIcon;
				CODE_SIGN_ENTITLEMENTS = JournalClient/JournalClient.entitlements;
				CODE_SIGN_STYLE = Automatic;
				COMBINE_HIDPI_IMAGES = YES;
				INFOPLIST_FILE = JournalClient/Info.plist;
				LD_RUNPATH_SEARCH_PATHS = (
					"$(inherited)",
					"@executable_path/../Frameworks",
				);
				PRODUCT_BUNDLE_IDENTIFIER = com.andrashollo.JournalClient;
				PRODUCT_NAME = "$(TARGET_NAME)";
				SWIFT_VERSION = 4.0;
			};
			name = Release;
		};
		8D9D3EE9213D2DBC00087E46 /* Debug */ = {
			isa = XCBuildConfiguration;
			buildSettings = {
				ALWAYS_EMBED_SWIFT_STANDARD_LIBRARIES = YES;
				BUNDLE_LOADER = "$(TEST_HOST)";
				CODE_SIGN_STYLE = Automatic;
				COMBINE_HIDPI_IMAGES = YES;
				INFOPLIST_FILE = JournalTests/Info.plist;
				LD_RUNPATH_SEARCH_PATHS = (
					"$(inherited)",
					"@executable_path/../Frameworks",
					"@loader_path/../Frameworks",
				);
				PRODUCT_BUNDLE_IDENTIFIER = com.andrashollo.JournalTests;
				PRODUCT_NAME = "$(TARGET_NAME)";
				SWIFT_VERSION = 4.0;
				TEST_HOST = "$(BUILT_PRODUCTS_DIR)/JournalClient.app/Contents/MacOS/JournalClient";
			};
			name = Debug;
		};
		8D9D3EEA213D2DBC00087E46 /* Release */ = {
			isa = XCBuildConfiguration;
			buildSettings = {
				ALWAYS_EMBED_SWIFT_STANDARD_LIBRARIES = YES;
				BUNDLE_LOADER = "$(TEST_HOST)";
				CODE_SIGN_STYLE = Automatic;
				COMBINE_HIDPI_IMAGES = YES;
				INFOPLIST_FILE = JournalTests/Info.plist;
				LD_RUNPATH_SEARCH_PATHS = (
					"$(inherited)",
					"@executable_path/../Frameworks",
					"@loader_path/../Frameworks",
				);
				PRODUCT_BUNDLE_IDENTIFIER = com.andrashollo.JournalTests;
				PRODUCT_NAME = "$(TARGET_NAME)";
				SWIFT_VERSION = 4.0;
				TEST_HOST = "$(BUILT_PRODUCTS_DIR)/JournalClient.app/Contents/MacOS/JournalClient";
			};
			name = Release;
		};
		8D9D3EEC213D2DBC00087E46 /* Debug */ = {
			isa = XCBuildConfiguration;
			buildSettings = {
				ALWAYS_EMBED_SWIFT_STANDARD_LIBRARIES = YES;
				CODE_SIGN_STYLE = Automatic;
				COMBINE_HIDPI_IMAGES = YES;
				INFOPLIST_FILE = JournalUITests/Info.plist;
				LD_RUNPATH_SEARCH_PATHS = (
					"$(inherited)",
					"@executable_path/../Frameworks",
					"@loader_path/../Frameworks",
				);
				PRODUCT_BUNDLE_IDENTIFIER = com.andrashollo.JournalUITests;
				PRODUCT_NAME = "$(TARGET_NAME)";
				SWIFT_VERSION = 4.0;
				TEST_TARGET_NAME = Journal;
			};
			name = Debug;
		};
		8D9D3EED213D2DBC00087E46 /* Release */ = {
			isa = XCBuildConfiguration;
			buildSettings = {
				ALWAYS_EMBED_SWIFT_STANDARD_LIBRARIES = YES;
				CODE_SIGN_STYLE = Automatic;
				COMBINE_HIDPI_IMAGES = YES;
				INFOPLIST_FILE = JournalUITests/Info.plist;
				LD_RUNPATH_SEARCH_PATHS = (
					"$(inherited)",
					"@executable_path/../Frameworks",
					"@loader_path/../Frameworks",
				);
				PRODUCT_BUNDLE_IDENTIFIER = com.andrashollo.JournalUITests;
				PRODUCT_NAME = "$(TARGET_NAME)";
				SWIFT_VERSION = 4.0;
				TEST_TARGET_NAME = Journal;
			};
			name = Release;
		};
/* End XCBuildConfiguration section */

/* Begin XCConfigurationList section */
		8D9D3EBA213D2DB900087E46 /* Build configuration list for PBXProject "JournalClient" */ = {
			isa = XCConfigurationList;
			buildConfigurations = (
				8D9D3EE3213D2DBC00087E46 /* Debug */,
				8D9D3EE4213D2DBC00087E46 /* Release */,
			);
			defaultConfigurationIsVisible = 0;
			defaultConfigurationName = Release;
		};
		8D9D3EE5213D2DBC00087E46 /* Build configuration list for PBXNativeTarget "JournalClient" */ = {
			isa = XCConfigurationList;
			buildConfigurations = (
				8D9D3EE6213D2DBC00087E46 /* Debug */,
				8D9D3EE7213D2DBC00087E46 /* Release */,
			);
			defaultConfigurationIsVisible = 0;
			defaultConfigurationName = Release;
		};
		8D9D3EE8213D2DBC00087E46 /* Build configuration list for PBXNativeTarget "JournalClientTests" */ = {
			isa = XCConfigurationList;
			buildConfigurations = (
				8D9D3EE9213D2DBC00087E46 /* Debug */,
				8D9D3EEA213D2DBC00087E46 /* Release */,
			);
			defaultConfigurationIsVisible = 0;
			defaultConfigurationName = Release;
		};
		8D9D3EEB213D2DBC00087E46 /* Build configuration list for PBXNativeTarget "JournalClientUITests" */ = {
			isa = XCConfigurationList;
			buildConfigurations = (
				8D9D3EEC213D2DBC00087E46 /* Debug */,
				8D9D3EED213D2DBC00087E46 /* Release */,
			);
			defaultConfigurationIsVisible = 0;
			defaultConfigurationName = Release;
		};
/* End XCConfigurationList section */
	};
	rootObject = 8D9D3EB7213D2DB900087E46 /* Project object */;
}
